
Microsoft Visual Studio Solution File, Format Version 12.00
# Visual Studio Version 16
VisualStudioVersion = 16.0.31129.286
MinimumVisualStudioVersion = 10.0.40219.1
Project("{8BC9CEB8-8B4A-11D0-8D11-00A0C91BC942}") = "Assignment1", "Assignment1\Assignment1.vcxproj", "{8AAC303D-1581-45AD-A503-0D051FB143DA}"
EndProject
Project("{8BC9CEB8-8B4A-11D0-8D11-00A0C91BC942}") = "Assgnment2", "Assgnment2\Assgnment2.vcxproj", "{11F1439B-4AF4-422A-A3EB-BC7F8AB308AC}"
EndProject
Project("{8BC9CEB8-8B4A-11D0-8D11-00A0C91BC942}") = "Assignment3", "Assignment3\Assignment3.vcxproj", "{79DF0025-5D52-48B4-87C1-4352F54A0F82}"
EndProject
Project("{8BC9CEB8-8B4A-11D0-8D11-00A0C91BC942}") = "Assigment4", "Assigment4\Assigment4.vcxproj", "{22BA35B8-B171-4DA8-8C1A-FEA7D6B570EC}"
EndProject
Project("{8BC9CEB8-8B4A-11D0-8D11-00A0C91BC942}") = "Assigment 5", "Assigment 5\Assigment 5.vcxproj", "{8D3A1B21-D01F-4DB9-B5AB-33C0517E157C}"
EndProject
Project("{8BC9CEB8-8B4A-11D0-8D11-00A0C91BC942}") = "Assigment6", "Assigment6\Assigment6.vcxproj", "{9F372589-99ED-406F-A205-FEA64CE1FE94}"
EndProject
Global
	GlobalSection(SolutionConfigurationPlatforms) = preSolution
		Debug|x64 = Debug|x64
		Debug|x86 = Debug|x86
		Release|x64 = Release|x64
		Release|x86 = Release|x86
	EndGlobalSection
	GlobalSection(ProjectConfigurationPlatforms) = postSolution
		{8AAC303D-1581-45AD-A503-0D051FB143DA}.Debug|x64.ActiveCfg = Debug|x64
		{8AAC303D-1581-45AD-A503-0D051FB143DA}.Debug|x64.Build.0 = Debug|x64
		{8AAC303D-1581-45AD-A503-0D051FB143DA}.Debug|x86.ActiveCfg = Debug|Win32
		{8AAC303D-1581-45AD-A503-0D051FB143DA}.Debug|x86.Build.0 = Debug|Win32
		{8AAC303D-1581-45AD-A503-0D051FB143DA}.Release|x64.ActiveCfg = Release|x64
		{8AAC303D-1581-45AD-A503-0D051FB143DA}.Release|x64.Build.0 = Release|x64
		{8AAC303D-1581-45AD-A503-0D051FB143DA}.Release|x86.ActiveCfg = Release|Win32
		{8AAC303D-1581-45AD-A503-0D051FB143DA}.Release|x86.Build.0 = Release|Win32
		{11F1439B-4AF4-422A-A3EB-BC7F8AB308AC}.Debug|x64.ActiveCfg = Debug|x64
		{11F1439B-4AF4-422A-A3EB-BC7F8AB308AC}.Debug|x64.Build.0 = Debug|x64
		{11F1439B-4AF4-422A-A3EB-BC7F8AB308AC}.Debug|x86.ActiveCfg = Debug|Win32
		{11F1439B-4AF4-422A-A3EB-BC7F8AB308AC}.Debug|x86.Build.0 = Debug|Win32
		{11F1439B-4AF4-422A-A3EB-BC7F8AB308AC}.Release|x64.ActiveCfg = Release|x64
		{11F1439B-4AF4-422A-A3EB-BC7F8AB308AC}.Release|x64.Build.0 = Release|x64
		{11F1439B-4AF4-422A-A3EB-BC7F8AB308AC}.Release|x86.ActiveCfg = Release|Win32
		{11F1439B-4AF4-422A-A3EB-BC7F8AB308AC}.Release|x86.Build.0 = Release|Win32
		{79DF0025-5D52-48B4-87C1-4352F54A0F82}.Debug|x64.ActiveCfg = Debug|x64
		{79DF0025-5D52-48B4-87C1-4352F54A0F82}.Debug|x64.Build.0 = Debug|x64
		{79DF0025-5D52-48B4-87C1-4352F54A0F82}.Debug|x86.ActiveCfg = Debug|Win32
		{79DF0025-5D52-48B4-87C1-4352F54A0F82}.Debug|x86.Build.0 = Debug|Win32
		{79DF0025-5D52-48B4-87C1-4352F54A0F82}.Release|x64.ActiveCfg = Release|x64
		{79DF0025-5D52-48B4-87C1-4352F54A0F82}.Release|x64.Build.0 = Release|x64
		{79DF0025-5D52-48B4-87C1-4352F54A0F82}.Release|x86.ActiveCfg = Release|Win32
		{79DF0025-5D52-48B4-87C1-4352F54A0F82}.Release|x86.Build.0 = Release|Win32
		{22BA35B8-B171-4DA8-8C1A-FEA7D6B570EC}.Debug|x64.ActiveCfg = Debug|x64
		{22BA35B8-B171-4DA8-8C1A-FEA7D6B570EC}.Debug|x64.Build.0 = Debug|x64
		{22BA35B8-B171-4DA8-8C1A-FEA7D6B570EC}.Debug|x86.ActiveCfg = Debug|Win32
		{22BA35B8-B171-4DA8-8C1A-FEA7D6B570EC}.Debug|x86.Build.0 = Debug|Win32
		{22BA35B8-B171-4DA8-8C1A-FEA7D6B570EC}.Release|x64.ActiveCfg = Release|x64
		{22BA35B8-B171-4DA8-8C1A-FEA7D6B570EC}.Release|x64.Build.0 = Release|x64
		{22BA35B8-B171-4DA8-8C1A-FEA7D6B570EC}.Release|x86.ActiveCfg = Release|Win32
		{22BA35B8-B171-4DA8-8C1A-FEA7D6B570EC}.Release|x86.Build.0 = Release|Win32
		{8D3A1B21-D01F-4DB9-B5AB-33C0517E157C}.Debug|x64.ActiveCfg = Debug|x64
		{8D3A1B21-D01F-4DB9-B5AB-33C0517E157C}.Debug|x64.Build.0 = Debug|x64
		{8D3A1B21-D01F-4DB9-B5AB-33C0517E157C}.Debug|x86.ActiveCfg = Debug|Win32
		{8D3A1B21-D01F-4DB9-B5AB-33C0517E157C}.Debug|x86.Build.0 = Debug|Win32
		{8D3A1B21-D01F-4DB9-B5AB-33C0517E157C}.Release|x64.ActiveCfg = Release|x64
		{8D3A1B21-D01F-4DB9-B5AB-33C0517E157C}.Release|x64.Build.0 = Release|x64
		{8D3A1B21-D01F-4DB9-B5AB-33C0517E157C}.Release|x86.ActiveCfg = Release|Win32
		{8D3A1B21-D01F-4DB9-B5AB-33C0517E157C}.Release|x86.Build.0 = Release|Win32
		{9F372589-99ED-406F-A205-FEA64CE1FE94}.Debug|x64.ActiveCfg = Debug|x64
		{9F372589-99ED-406F-A205-FEA64CE1FE94}.Debug|x64.Build.0 = Debug|x64
		{9F372589-99ED-406F-A205-FEA64CE1FE94}.Debug|x86.ActiveCfg = Debug|Win32
		{9F372589-99ED-406F-A205-FEA64CE1FE94}.Debug|x86.Build.0 = Debug|Win32
		{9F372589-99ED-406F-A205-FEA64CE1FE94}.Release|x64.ActiveCfg = Release|x64
		{9F372589-99ED-406F-A205-FEA64CE1FE94}.Release|x64.Build.0 = Release|x64
		{9F372589-99ED-406F-A205-FEA64CE1FE94}.Release|x86.ActiveCfg = Release|Win32
		{9F372589-99ED-406F-A205-FEA64CE1FE94}.Release|x86.Build.0 = Release|Win32
	EndGlobalSection
	GlobalSection(SolutionProperties) = preSolution
		HideSolutionNode = FALSE
	EndGlobalSection
	GlobalSection(ExtensibilityGlobals) = postSolution
		SolutionGuid = {F934EE94-C54D-478F-8587-D7033BDAC184}
	EndGlobalSection
EndGlobal
